Microsoft Visual Studio Solution File, Format Version 12.00
# Visual Studio Version 17
VisualStudioVersion = 17.5.2.0
MinimumVisualStudioVersion = 10.0.40219.1
Project("{FAE04EC0-301F-11D3-BF4B-00C04F79EFBC}") = "StudentAPI", "StudentAPI\StudentAPI.csproj", "{1C5FE982-07D1-A5C9-4C29-E21D5B88DF06}"
EndProject
Project("{FAE04EC0-301F-11D3-BF4B-00C04F79EFBC}") = "StudentAPI.Tests", "StudentAPI.Tests\StudentAPI.Tests.csproj", "{D7F3E6A2-3B81-4E8F-B591-2C9EAB4A1D7C}"
EndProject
Global
	GlobalSection(SolutionConfigurationPlatforms) = preSolution
		Debug|Any CPU = Debug|Any CPU
		Release|Any CPU = Release|Any CPU
	EndGlobalSection
	GlobalSection(ProjectConfigurationPlatforms) = postSolution
		{1C5FE982-07D1-A5C9-4C29-E21D5B88DF06}.Debug|Any CPU.ActiveCfg = Debug|Any CPU
		{1C5FE982-07D1-A5C9-4C29-E21D5B88DF06}.Debug|Any CPU.Build.0 = Debug|Any CPU
		{1C5FE982-07D1-A5C9-4C29-E21D5B88DF06}.Release|Any CPU.ActiveCfg = Release|Any CPU
		{1C5FE982-07D1-A5C9-4C29-E21D5B88DF06}.Release|Any CPU.Build.0 = Release|Any CPU
	EndGlobalSection
	GlobalSection(SolutionProperties) = preSolution
		HideSolutionNode = FALSE
	EndGlobalSection
	GlobalSection(ExtensibilityGlobals) = postSolution
		SolutionGuid = {4037CD02-D791-40C2-AE6E-B71D15965C03}
	EndGlobalSection
EndGlobal
